
Microsoft Visual Studio Solution File, Format Version 12.00
# Visual Studio Version 17
VisualStudioVersion = 17.4.33213.308
MinimumVisualStudioVersion = 10.0.40219.1
Project("{FAE04EC0-301F-11D3-BF4B-00C04F79EFBC}") = "MyBlazorApp", "MyBlazorApp\MyBlazorApp.csproj", "{27C7FB41-7A00-40B7-ABCA-683BFF0D232B}"
EndProject
Project("{FAE04EC0-301F-11D3-BF4B-00C04F79EFBC}") = "DataAccessLibrary", "DataAccessLibrary\DataAccessLibrary.csproj", "{2469327C-972F-4B5D-AF95-EDBD6E67B954}"
EndProject
Global
	GlobalSection(SolutionConfigurationPlatforms) = preSolution
		Debug|Any CPU = Debug|Any CPU
		Release|Any CPU = Release|Any CPU
	EndGlobalSection
	GlobalSection(ProjectConfigurationPlatforms) = postSolution
		{27C7FB41-7A00-40B7-ABCA-683BFF0D232B}.Debug|Any CPU.ActiveCfg = Debug|Any CPU
		{27C7FB41-7A00-40B7-ABCA-683BFF0D232B}.Debug|Any CPU.Build.0 = Debug|Any CPU
		{27C7FB41-7A00-40B7-ABCA-683BFF0D232B}.Release|Any CPU.ActiveCfg = Release|Any CPU
		{27C7FB41-7A00-40B7-ABCA-683BFF0D232B}.Release|Any CPU.Build.0 = Release|Any CPU
		{2469327C-972F-4B5D-AF95-EDBD6E67B954}.Debug|Any CPU.ActiveCfg = Debug|Any CPU
		{2469327C-972F-4B5D-AF95-EDBD6E67B954}.Debug|Any CPU.Build.0 = Debug|Any CPU
		{2469327C-972F-4B5D-AF95-EDBD6E67B954}.Release|Any CPU.ActiveCfg = Release|Any CPU
		{2469327C-972F-4B5D-AF95-EDBD6E67B954}.Release|Any CPU.Build.0 = Release|Any CPU
	EndGlobalSection
	GlobalSection(SolutionProperties) = preSolution
		HideSolutionNode = FALSE
	EndGlobalSection
	GlobalSection(ExtensibilityGlobals) = postSolution
		SolutionGuid = {2405F937-100E-4711-BBF2-46210AF981BF}
	EndGlobalSection
EndGlobal
